
Microsoft Visual Studio Solution File, Format Version 12.00
# TcXaeShell Solution File, Format Version 11.00
VisualStudioVersion = 15.0.28010.2050
MinimumVisualStudioVersion = 10.0.40219.1
Project("{FE7A1B72-C5B7-4D7C-BB7D-76384D4DE8E1}") = "MantleHMI_1", "MantleHMI\MantleHMI_1.hmiproj", "{912C3183-BF98-4265-ADDB-85C85CEC68BF}"
EndProject
Global
	GlobalSection(SolutionConfigurationPlatforms) = preSolution
		Debug|TwinCAT HMI = Debug|TwinCAT HMI
		Release|TwinCAT HMI = Release|TwinCAT HMI
	EndGlobalSection
	GlobalSection(ProjectConfigurationPlatforms) = postSolution
		{912C3183-BF98-4265-ADDB-85C85CEC68BF}.Debug|TwinCAT HMI.ActiveCfg = Debug|TwinCAT HMI
		{912C3183-BF98-4265-ADDB-85C85CEC68BF}.Debug|TwinCAT HMI.Build.0 = Debug|TwinCAT HMI
		{912C3183-BF98-4265-ADDB-85C85CEC68BF}.Release|TwinCAT HMI.ActiveCfg = Release|TwinCAT HMI
		{912C3183-BF98-4265-ADDB-85C85CEC68BF}.Release|TwinCAT HMI.Build.0 = Release|TwinCAT HMI
	EndGlobalSection
	GlobalSection(SolutionProperties) = preSolution
		HideSolutionNode = FALSE
	EndGlobalSection
	GlobalSection(ExtensibilityGlobals) = postSolution
		SolutionGuid = {8528E2DA-9865-4AE9-94F4-F06922856653}
	EndGlobalSection
EndGlobal
